// !$*UTF8*$!
{
	archiveVersion = 1;
	classes = {
	};
	objectVersion = 48;
	objects = {

/* Begin PBXBuildFile section */
		D2111E062066B1DA00C8B11C /* AppDelegate.m in Sources */ = {isa = PBXBuildFile; fileRef = D2111E052066B1DA00C8B11C /* AppDelegate.m */; };
		D2111E092066B1DA00C8B11C /* ViewController.m in Sources */ = {isa = PBXBuildFile; fileRef = D2111E082066B1DA00C8B11C /* ViewController.m */; };
		D2111E0C2066B1DA00C8B11C /* Main.storyboard in Resources */ = {isa = PBXBuildFile; fileRef = D2111E0A2066B1DA00C8B11C /* Main.storyboard */; };
		D2111E0E2066B1DA00C8B11C /* Assets.xcassets in Resources */ = {isa = PBXBuildFile; fileRef = D2111E0D2066B1DA00C8B11C /* Assets.xcassets */; };
		D2111E112066B1DA00C8B11C /* LaunchScreen.storyboard in Resources */ = {isa = PBXBuildFile; fileRef = D2111E0F2066B1DA00C8B11C /* LaunchScreen.storyboard */; };
		D2111E142066B1DA00C8B11C /* main.m in Sources */ = {isa = PBXBuildFile; fileRef = D2111E132066B1DA00C8B11C /* main.m */; };
		D2111E1E2066B1DA00C8B11C /* Day_CounterTests.m in Sources */ = {isa = PBXBuildFile; fileRef = D2111E1D2066B1DA00C8B11C /* Day_CounterTests.m */; };
		D2111E292066B1DA00C8B11C /* Day_CounterUITests.m in Sources */ = {isa = PBXBuildFile; fileRef = D2111E282066B1DA00C8B11C /* Day_CounterUITests.m */; };
/* End PBXBuildFile section */

/* Begin PBXContainerItemProxy section */
		D2111E1A2066B1DA00C8B11C /* PBXContainerItemProxy */ = {
			isa = PBXContainerItemProxy;
			containerPortal = D2111DF92066B1DA00C8B11C /* Project object */;
			proxyType = 1;
			remoteGlobalIDString = D2111E002066B1DA00C8B11C;
			remoteInfo = "Day Counter";
		};
		D2111E252066B1DA00C8B11C /* PBXContainerItemProxy */ = {
			isa = PBXContainerItemProxy;
			containerPortal = D2111DF92066B1DA00C8B11C /* Project object */;
			proxyType = 1;
			remoteGlobalIDString = D2111E002066B1DA00C8B11C;
			remoteInfo = "Day Counter";
		};
/* End PBXContainerItemProxy section */

/* Begin PBXFileReference section */
		D2111E012066B1DA00C8B11C /* Day Counter.app */ = {isa = PBXFileReference; explicitFileType = wrapper.application; includeInIndex = 0; path = "Day Counter.app"; sourceTree = BUILT_PRODUCTS_DIR; };
		D2111E042066B1DA00C8B11C /* AppDelegate.h */ = {isa = PBXFileReference; lastKnownFileType = sourcecode.c.h; path = AppDelegate.h; sourceTree = "<group>"; };
		D2111E052066B1DA00C8B11C /* AppDelegate.m */ = {isa = PBXFileReference; lastKnownFileType = sourcecode.c.objc; path = AppDelegate.m; sourceTree = "<group>"; };
		D2111E072066B1DA00C8B11C /* ViewController.h */ = {isa = PBXFileReference; lastKnownFileType = sourcecode.c.h; path = ViewController.h; sourceTree = "<group>"; };
		D2111E082066B1DA00C8B11C /* ViewController.m */ = {isa = PBXFileReference; lastKnownFileType = sourcecode.c.objc; path = ViewController.m; sourceTree = "<group>"; };
		D2111E0B2066B1DA00C8B11C /* Base */ = {isa = PBXFileReference; lastKnownFileType = file.storyboard; name = Base; path = Base.lproj/Main.storyboard; sourceTree = "<group>"; };
		D2111E0D2066B1DA00C8B11C /* Assets.xcassets */ = {isa = PBXFileReference; lastKnownFileType = folder.assetcatalog; path = Assets.xcassets; sourceTree = "<group>"; };
		D2111E102066B1DA00C8B11C /* Base */ = {isa = PBXFileReference; lastKnownFileType = file.storyboard; name = Base; path = Base.lproj/LaunchScreen.storyboard; sourceTree = "<group>"; };
		D2111E122066B1DA00C8B11C /* Info.plist */ = {isa = PBXFileReference; lastKnownFileType = text.plist.xml; path = Info.plist; sourceTree = "<group>"; };
		D2111E132066B1DA00C8B11C /* main.m */ = {isa = PBXFileReference; lastKnownFileType = sourcecode.c.objc; path = main.m; sourceTree = "<group>"; };
		D2111E192066B1DA00C8B11C /* Day CounterTests.xctest */ = {isa = PBXFileReference; explicitFileType = wrapper.cfbundle; includeInIndex = 0; path = "Day CounterTests.xctest"; sourceTree = BUILT_PRODUCTS_DIR; };
		D2111E1D2066B1DA00C8B11C /* Day_CounterTests.m */ = {isa = PBXFileReference; lastKnownFileType = sourcecode.c.objc; path = Day_CounterTests.m; sourceTree = "<group>"; };
		D2111E1F2066B1DA00C8B11C /* Info.plist */ = {isa = PBXFileReference; lastKnownFileType = text.plist.xml; path = Info.plist; sourceTree = "<group>"; };
		D2111E242066B1DA00C8B11C /* Day CounterUITests.xctest */ = {isa = PBXFileReference; explicitFileType = wrapper.cfbundle; includeInIndex = 0; path = "Day CounterUITests.xctest"; sourceTree = BUILT_PRODUCTS_DIR; };
		D2111E282066B1DA00C8B11C /* Day_CounterUITests.m */ = {isa = PBXFileReference; lastKnownFileType = sourcecode.c.objc; path = Day_CounterUITests.m; sourceTree = "<group>"; };
		D2111E2A2066B1DA00C8B11C /* Info.plist */ = {isa = PBXFileReference; lastKnownFileType = text.plist.xml; path = Info.plist; sourceTree = "<group>"; };
/* End PBXFileReference section */

/* Begin PBXFrameworksBuildPhase section */
		D2111DFE2066B1DA00C8B11C /* Frameworks */ = {
			isa = PBXFrameworksBuildPhase;
			buildActionMask = 2147483647;
			files = (
			);
			runOnlyForDeploymentPostprocessing = 0;
		};
		D2111E162066B1DA00C8B11C /* Frameworks */ = {
			isa = PBXFrameworksBuildPhase;
			buildActionMask = 2147483647;
			files = (
			);
			runOnlyForDeploymentPostprocessing = 0;
		};
		D2111E212066B1DA00C8B11C /* Frameworks */ = {
			isa = PBXFrameworksBuildPhase;
			buildActionMask = 2147483647;
			files = (
			);
			runOnlyForDeploymentPostprocessing = 0;
		};
/* End PBXFrameworksBuildPhase section */

/* Begin PBXGroup section */
		D2111DF82066B1DA00C8B11C = {
			isa = PBXGroup;
			children = (
				D2111E032066B1DA00C8B11C /* Day Counter */,
				D2111E1C2066B1DA00C8B11C /* Day CounterTests */,
				D2111E272066B1DA00C8B11C /* Day CounterUITests */,
				D2111E022066B1DA00C8B11C /* Products */,
			);
			sourceTree = "<group>";
		};
		D2111E022066B1DA00C8B11C /* Products */ = {
			isa = PBXGroup;
			children = (
				D2111E012066B1DA00C8B11C /* Day Counter.app */,
				D2111E192066B1DA00C8B11C /* Day CounterTests.xctest */,
				D2111E242066B1DA00C8B11C /* Day CounterUITests.xctest */,
			);
			name = Products;
			sourceTree = "<group>";
		};
		D2111E032066B1DA00C8B11C /* Day Counter */ = {
			isa = PBXGroup;
			children = (
				D2111E042066B1DA00C8B11C /* AppDelegate.h */,
				D2111E052066B1DA00C8B11C /* AppDelegate.m */,
				D2111E072066B1DA00C8B11C /* ViewController.h */,
				D2111E082066B1DA00C8B11C /* ViewController.m */,
				D2111E0A2066B1DA00C8B11C /* Main.storyboard */,
				D2111E0D2066B1DA00C8B11C /* Assets.xcassets */,
				D2111E0F2066B1DA00C8B11C /* LaunchScreen.storyboard */,
				D2111E122066B1DA00C8B11C /* Info.plist */,
				D2111E132066B1DA00C8B11C /* main.m */,
			);
			path = "Day Counter";
			sourceTree = "<group>";
		};
		D2111E1C2066B1DA00C8B11C /* Day CounterTests */ = {
			isa = PBXGroup;
			children = (
				D2111E1D2066B1DA00C8B11C /* Day_CounterTests.m */,
				D2111E1F2066B1DA00C8B11C /* Info.plist */,
			);
			path = "Day CounterTests";
			sourceTree = "<group>";
		};
		D2111E272066B1DA00C8B11C /* Day CounterUITests */ = {
			isa = PBXGroup;
			children = (
				D2111E282066B1DA00C8B11C /* Day_CounterUITests.m */,
				D2111E2A2066B1DA00C8B11C /* Info.plist */,
			);
			path = "Day CounterUITests";
			sourceTree = "<group>";
		};
/* End PBXGroup section */

/* Begin PBXNativeTarget section */
		D2111E002066B1DA00C8B11C /* Day Counter */ = {
			isa = PBXNativeTarget;
			buildConfigurationList = D2111E2D2066B1DA00C8B11C /* Build configuration list for PBXNativeTarget "Day Counter" */;
			buildPhases = (
				D2111DFD2066B1DA00C8B11C /* Sources */,
				D2111DFE2066B1DA00C8B11C /* Frameworks */,
				D2111DFF2066B1DA00C8B11C /* Resources */,
			);
			buildRules = (
			);
			dependencies = (
			);
			name = "Day Counter";
			productName = "Day Counter";
			productReference = D2111E012066B1DA00C8B11C /* Day Counter.app */;
			productType = "com.apple.product-type.application";
		};
		D2111E182066B1DA00C8B11C /* Day CounterTests */ = {
			isa = PBXNativeTarget;
			buildConfigurationList = D2111E302066B1DA00C8B11C /* Build configuration list for PBXNativeTarget "Day CounterTests" */;
			buildPhases = (
				D2111E152066B1DA00C8B11C /* Sources */,
				D2111E162066B1DA00C8B11C /* Frameworks */,
				D2111E172066B1DA00C8B11C /* Resources */,
			);
			buildRules = (
			);
			dependencies = (
				D2111E1B2066B1DA00C8B11C /* PBXTargetDependency */,
			);
			name = "Day CounterTests";
			productName = "Day CounterTests";
			productReference = D2111E192066B1DA00C8B11C /* Day CounterTests.xctest */;
			productType = "com.apple.product-type.bundle.unit-test";
		};
		D2111E232066B1DA00C8B11C /* Day CounterUITests */ = {
			isa = PBXNativeTarget;
			buildConfigurationList = D2111E332066B1DA00C8B11C /* Build configuration list for PBXNativeTarget "Day CounterUITests" */;
			buildPhases = (
				D2111E202066B1DA00C8B11C /* Sources */,
				D2111E212066B1DA00C8B11C /* Frameworks */,
				D2111E222066B1DA00C8B11C /* Resources */,
			);
			buildRules = (
			);
			dependencies = (
				D2111E262066B1DA00C8B11C /* PBXTargetDependency */,
			);
			name = "Day CounterUITests";
			productName = "Day CounterUITests";
			productReference = D2111E242066B1DA00C8B11C /* Day CounterUITests.xctest */;
			productType = "com.apple.product-type.bundle.ui-testing";
		};
/* End PBXNativeTarget section */

/* Begin PBXProject section */
		D2111DF92066B1DA00C8B11C /* Project object */ = {
			isa = PBXProject;
			attributes = {
				LastUpgradeCheck = 0920;
				ORGANIZATIONNAME = "Pinkstone Pictures LLC";
				TargetAttributes = {
					D2111E002066B1DA00C8B11C = {
						CreatedOnToolsVersion = 9.2;
						ProvisioningStyle = Automatic;
					};
					D2111E182066B1DA00C8B11C = {
						CreatedOnToolsVersion = 9.2;
						ProvisioningStyle = Automatic;
						TestTargetID = D2111E002066B1DA00C8B11C;
					};
					D2111E232066B1DA00C8B11C = {
						CreatedOnToolsVersion = 9.2;
						ProvisioningStyle = Automatic;
						TestTargetID = D2111E002066B1DA00C8B11C;
					};
				};
			};
			buildConfigurationList = D2111DFC2066B1DA00C8B11C /* Build configuration list for PBXProject "Day Counter" */;
			compatibilityVersion = "Xcode 8.0";
			developmentRegion = en;
			hasScannedForEncodings = 0;
			knownRegions = (
				en,
				Base,
			);
			mainGroup = D2111DF82066B1DA00C8B11C;
			productRefGroup = D2111E022066B1DA00C8B11C /* Products */;
			projectDirPath = "";
			projectRoot = "";
			targets = (
				D2111E002066B1DA00C8B11C /* Day Counter */,
				D2111E182066B1DA00C8B11C /* Day CounterTests */,
				D2111E232066B1DA00C8B11C /* Day CounterUITests */,
			);
		};
/* End PBXProject section */

/* Begin PBXResourcesBuildPhase section */
		D2111DFF2066B1DA00C8B11C /* Resources */ = {
			isa = PBXResourcesBuildPhase;
			buildActionMask = 2147483647;
			files = (
				D2111E112066B1DA00C8B11C /* LaunchScreen.storyboard in Resources */,
				D2111E0E2066B1DA00C8B11C /* Assets.xcassets in Resources */,
				D2111E0C2066B1DA00C8B11C /* Main.storyboard in Resources */,
			);
			runOnlyForDeploymentPostprocessing = 0;
		};
		D2111E172066B1DA00C8B11C /* Resources */ = {
			isa = PBXResourcesBuildPhase;
			buildActionMask = 2147483647;
			files = (
			);
			runOnlyForDeploymentPostprocessing = 0;
		};
		D2111E222066B1DA00C8B11C /* Resources */ = {
			isa = PBXResourcesBuildPhase;
			buildActionMask = 2147483647;
			files = (
			);
			runOnlyForDeploymentPostprocessing = 0;
		};
/* End PBXResourcesBuildPhase section */

/* Begin PBXSourcesBuildPhase section */
		D2111DFD2066B1DA00C8B11C /* Sources */ = {
			isa = PBXSourcesBuildPhase;
			buildActionMask = 2147483647;
			files = (
				D2111E092066B1DA00C8B11C /* ViewController.m in Sources */,
				D2111E142066B1DA00C8B11C /* main.m in Sources */,
				D2111E062066B1DA00C8B11C /* AppDelegate.m in Sources */,
			);
			runOnlyForDeploymentPostprocessing = 0;
		};
		D2111E152066B1DA00C8B11C /* Sources */ = {
			isa = PBXSourcesBuildPhase;
			buildActionMask = 2147483647;
			files = (
				D2111E1E2066B1DA00C8B11C /* Day_CounterTests.m in Sources */,
			);
			runOnlyForDeploymentPostprocessing = 0;
		};
		D2111E202066B1DA00C8B11C /* Sources */ = {
			isa = PBXSourcesBuildPhase;
			buildActionMask = 2147483647;
			files = (
				D2111E292066B1DA00C8B11C /* Day_CounterUITests.m in Sources */,
			);
			runOnlyForDeploymentPostprocessing = 0;
		};
/* End PBXSourcesBuildPhase section */

/* Begin PBXTargetDependency section */
		D2111E1B2066B1DA00C8B11C /* PBXTargetDependency */ = {
			isa = PBXTargetDependency;
			target = D2111E002066B1DA00C8B11C /* Day Counter */;
			targetProxy = D2111E1A2066B1DA00C8B11C /* PBXContainerItemProxy */;
		};
		D2111E262066B1DA00C8B11C /* PBXTargetDependency */ = {
			isa = PBXTargetDependency;
			target = D2111E002066B1DA00C8B11C /* Day Counter */;
			targetProxy = D2111E252066B1DA00C8B11C /* PBXContainerItemProxy */;
		};
/* End PBXTargetDependency section */

/* Begin PBXVariantGroup section */
		D2111E0A2066B1DA00C8B11C /* Main.storyboard */ = {
			isa = PBXVariantGroup;
			children = (
				D2111E0B2066B1DA00C8B11C /* Base */,
			);
			name = Main.storyboard;
			sourceTree = "<group>";
		};
		D2111E0F2066B1DA00C8B11C /* LaunchScreen.storyboard */ = {
			isa = PBXVariantGroup;
			children = (
				D2111E102066B1DA00C8B11C /* Base */,
			);
			name = LaunchScreen.storyboard;
			sourceTree = "<group>";
		};
/* End PBXVariantGroup section */

/* Begin XCBuildConfiguration section */
		D2111E2B2066B1DA00C8B11C /* Debug */ = {
			isa = XCBuildConfiguration;
			buildSettings = {
				ALWAYS_SEARCH_USER_PATHS = NO;
				CLANG_ANALYZER_NONNULL = YES;
				CLANG_ANALYZER_NUMBER_OBJECT_CONVERSION = YES_AGGRESSIVE;
				CLANG_CXX_LANGUAGE_STANDARD = "gnu++14";
				CLANG_CXX_LIBRARY = "libc++";
				CLANG_ENABLE_MODULES = YES;
				CLANG_ENABLE_OBJC_ARC = YES;
				CLANG_WARN_BLOCK_CAPTURE_AUTORELEASING = YES;
				CLANG_WARN_BOOL_CONVERSION = YES;
				CLANG_WARN_COMMA = YES;
				CLANG_WARN_CONSTANT_CONVERSION = YES;
				CLANG_WARN_DIRECT_OBJC_ISA_USAGE = YES_ERROR;
				CLANG_WARN_DOCUMENTATION_COMMENTS = YES;
				CLANG_WARN_EMPTY_BODY = YES;
				CLANG_WARN_ENUM_CONVERSION = YES;
				CLANG_WARN_INFINITE_RECURSION = YES;
				CLANG_WARN_INT_CONVERSION = YES;
				CLANG_WARN_NON_LITERAL_NULL_CONVERSION = YES;
				CLANG_WARN_OBJC_LITERAL_CONVERSION = YES;
				CLANG_WARN_OBJC_ROOT_CLASS = YES_ERROR;
				CLANG_WARN_RANGE_LOOP_ANALYSIS = YES;
				CLANG_WARN_STRICT_PROTOTYPES = YES;
				CLANG_WARN_SUSPICIOUS_MOVE = YES;
				CLANG_WARN_UNGUARDED_AVAILABILITY = YES_AGGRESSIVE;
				CLANG_WARN_UNREACHABLE_CODE = YES;
				CLANG_WARN__DUPLICATE_METHOD_MATCH = YES;
				CODE_SIGN_IDENTITY = "iPhone Developer";
				COPY_PHASE_STRIP = NO;
				DEBUG_INFORMATION_FORMAT = dwarf;
				ENABLE_STRICT_OBJC_MSGSEND = YES;
				ENABLE_TESTABILITY = YES;
				GCC_C_LANGUAGE_STANDARD = gnu11;
				GCC_DYNAMIC_NO_PIC = NO;
				GCC_NO_COMMON_BLOCKS = YES;
				GCC_OPTIMIZATION_LEVEL = 0;
				GCC_PREPROCESSOR_DEFINITIONS = (
					"DEBUG=1",
					"$(inherited)",
				);
				GCC_WARN_64_TO_32_BIT_CONVERSION = YES;
				GCC_WARN_ABOUT_RETURN_TYPE = YES_ERROR;
				GCC_WARN_UNDECLARED_SELECTOR = YES;
				GCC_WARN_UNINITIALIZED_AUTOS = YES_AGGRESSIVE;
				GCC_WARN_UNUSED_FUNCTION = YES;
				GCC_WARN_UNUSED_VARIABLE = YES;
				IPHONEOS_DEPLOYMENT_TARGET = 11.2;
				MTL_ENABLE_DEBUG_INFO = YES;
				ONLY_ACTIVE_ARCH = YES;
				SDKROOT = iphoneos;
			};
			name = Debug;
		};
		D2111E2C2066B1DA00C8B11C /* Release */ = {
			isa = XCBuildConfiguration;
			buildSettings = {
				ALWAYS_SEARCH_USER_PATHS = NO;
				CLANG_ANALYZER_NONNULL = YES;
				CLANG_ANALYZER_NUMBER_OBJECT_CONVERSION = YES_AGGRESSIVE;
				CLANG_CXX_LANGUAGE_STANDARD = "gnu++14";
				CLANG_CXX_LIBRARY = "libc++";
				CLANG_ENABLE_MODULES = YES;
				CLANG_ENABLE_OBJC_ARC = YES;
				CLANG_WARN_BLOCK_CAPTURE_AUTORELEASING = YES;
				CLANG_WARN_BOOL_CONVERSION = YES;
				CLANG_WARN_COMMA = YES;
				CLANG_WARN_CONSTANT_CONVERSION = YES;
				CLANG_WARN_DIRECT_OBJC_ISA_USAGE = YES_ERROR;
				CLANG_WARN_DOCUMENTATION_COMMENTS = YES;
				CLANG_WARN_EMPTY_BODY = YES;
				CLANG_WARN_ENUM_CONVERSION = YES;
				CLANG_WARN_INFINITE_RECURSION = YES;
				CLANG_WARN_INT_CONVERSION = YES;
				CLANG_WARN_NON_LITERAL_NULL_CONVERSION = YES;
				CLANG_WARN_OBJC_LITERAL_CONVERSION = YES;
				CLANG_WARN_OBJC_ROOT_CLASS = YES_ERROR;
				CLANG_WARN_RANGE_LOOP_ANALYSIS = YES;
				CLANG_WARN_STRICT_PROTOTYPES = YES;
				CLANG_WARN_SUSPICIOUS_MOVE = YES;
				CLANG_WARN_UNGUARDED_AVAILABILITY = YES_AGGRESSIVE;
				CLANG_WARN_UNREACHABLE_CODE = YES;
				CLANG_WARN__DUPLICATE_METHOD_MATCH = YES;
				CODE_SIGN_IDENTITY = "iPhone Developer";
				COPY_PHASE_STRIP = NO;
				DEBUG_INFORMATION_FORMAT = "dwarf-with-dsym";
				ENABLE_NS_ASSERTIONS = NO;
				ENABLE_STRICT_OBJC_MSGSEND = YES;
				GCC_C_LANGUAGE_STANDARD = gnu11;
				GCC_NO_COMMON_BLOCKS = YES;
				GCC_WARN_64_TO_32_BIT_CONVERSION = YES;
				GCC_WARN_ABOUT_RETURN_TYPE = YES_ERROR;
				GCC_WARN_UNDECLARED_SELECTOR = YES;
				GCC_WARN_UNINITIALIZED_AUTOS = YES_AGGRESSIVE;
				GCC_WARN_UNUSED_FUNCTION = YES;
				GCC_WARN_UNUSED_VARIABLE = YES;
				IPHONEOS_DEPLOYMENT_TARGET = 11.2;
				MTL_ENABLE_DEBUG_INFO = NO;
				SDKROOT = iphoneos;
				VALIDATE_PRODUCT = YES;
			};
			name = Release;
		};
		D2111E2E2066B1DA00C8B11C /* Debug */ = {
			isa = XCBuildConfiguration;
			buildSettings = {
				ASSETCATALOG_COMPILER_APPICON_NAME = AppIcon;
				CODE_SIGN_STYLE = Automatic;
				DEVELOPMENT_TEAM = 8DCH5386K9;
				INFOPLIST_FILE = "Day Counter/Info.plist";
				LD_RUNPATH_SEARCH_PATHS = "$(inherited) @executable_path/Frameworks";
				PRODUCT_BUNDLE_IDENTIFIER = "com.versluis.Day-Counter";
				PRODUCT_NAME = "$(TARGET_NAME)";
				TARGETED_DEVICE_FAMILY = "1,2";
			};
			name = Debug;
		};
		D2111E2F2066B1DA00C8B11C /* Release */ = {
			isa = XCBuildConfiguration;
			buildSettings = {
				ASSETCATALOG_COMPILER_APPICON_NAME = AppIcon;
				CODE_SIGN_STYLE = Automatic;
				DEVELOPMENT_TEAM = 8DCH5386K9;
				INFOPLIST_FILE = "Day Counter/Info.plist";
				LD_RUNPATH_SEARCH_PATHS = "$(inherited) @executable_path/Frameworks";
				PRODUCT_BUNDLE_IDENTIFIER = "com.versluis.Day-Counter";
				PRODUCT_NAME = "$(TARGET_NAME)";
				TARGETED_DEVICE_FAMILY = "1,2";
			};
			name = Release;
		};
		D2111E312066B1DA00C8B11C /* Debug */ = {
			isa = XCBuildConfiguration;
			buildSettings = {
				BUNDLE_LOADER = "$(TEST_HOST)";
				CODE_SIGN_STYLE = Automatic;
				DEVELOPMENT_TEAM = 8DCH5386K9;
				INFOPLIST_FILE = "Day CounterTests/Info.plist";
				LD_RUNPATH_SEARCH_PATHS = "$(inherited) @executable_path/Frameworks @loader_path/Frameworks";
				PRODUCT_BUNDLE_IDENTIFIER = "com.versluis.Day-CounterTests";
				PRODUCT_NAME = "$(TARGET_NAME)";
				TARGETED_DEVICE_FAMILY = "1,2";
				TEST_HOST = "$(BUILT_PRODUCTS_DIR)/Day Counter.app/Day Counter";
			};
			name = Debug;
		};
		D2111E322066B1DA00C8B11C /* Release */ = {
			isa = XCBuildConfiguration;
			buildSettings = {
				BUNDLE_LOADER = "$(TEST_HOST)";
				CODE_SIGN_STYLE = Automatic;
				DEVELOPMENT_TEAM = 8DCH5386K9;
				INFOPLIST_FILE = "Day CounterTests/Info.plist";
				LD_RUNPATH_SEARCH_PATHS = "$(inherited) @executable_path/Frameworks @loader_path/Frameworks";
				PRODUCT_BUNDLE_IDENTIFIER = "com.versluis.Day-CounterTests";
				PRODUCT_NAME = "$(TARGET_NAME)";
				TARGETED_DEVICE_FAMILY = "1,2";
				TEST_HOST = "$(BUILT_PRODUCTS_DIR)/Day Counter.app/Day Counter";
			};
			name = Release;
		};
		D2111E342066B1DA00C8B11C /* Debug */ = {
			isa = XCBuildConfiguration;
			buildSettings = {
				CODE_SIGN_STYLE = Automatic;
				DEVELOPMENT_TEAM = 8DCH5386K9;
				INFOPLIST_FILE = "Day CounterUITests/Info.plist";
				LD_RUNPATH_SEARCH_PATHS = "$(inherited) @executable_path/Frameworks @loader_path/Frameworks";
				PRODUCT_BUNDLE_IDENTIFIER = "com.versluis.Day-CounterUITests";
				PRODUCT_NAME = "$(TARGET_NAME)";
				TARGETED_DEVICE_FAMILY = "1,2";
				TEST_TARGET_NAME = "Day Counter";
			};
			name = Debug;
		};
		D2111E352066B1DA00C8B11C /* Release */ = {
			isa = XCBuildConfiguration;
			buildSettings = {
				CODE_SIGN_STYLE = Automatic;
				DEVELOPMENT_TEAM = 8DCH5386K9;
				INFOPLIST_FILE = "Day CounterUITests/Info.plist";
				LD_RUNPATH_SEARCH_PATHS = "$(inherited) @executable_path/Frameworks @loader_path/Frameworks";
				PRODUCT_BUNDLE_IDENTIFIER = "com.versluis.Day-CounterUITests";
				PRODUCT_NAME = "$(TARGET_NAME)";
				TARGETED_DEVICE_FAMILY = "1,2";
				TEST_TARGET_NAME = "Day Counter";
			};
			name = Release;
		};
/* End XCBuildConfiguration section */

/* Begin XCConfigurationList section */
		D2111DFC2066B1DA00C8B11C /* Build configuration list for PBXProject "Day Counter" */ = {
			isa = XCConfigurationList;
			buildConfigurations = (
				D2111E2B2066B1DA00C8B11C /* Debug */,
				D2111E2C2066B1DA00C8B11C /* Release */,
			);
			defaultConfigurationIsVisible = 0;
			defaultConfigurationName = Release;
		};
		D2111E2D2066B1DA00C8B11C /* Build configuration list for PBXNativeTarget "Day Counter" */ = {
			isa = XCConfigurationList;
			buildConfigurations = (
				D2111E2E2066B1DA00C8B11C /* Debug */,
				D2111E2F2066B1DA00C8B11C /* Release */,
			);
			defaultConfigurationIsVisible = 0;
			defaultConfigurationName = Release;
		};
		D2111E302066B1DA00C8B11C /* Build configuration list for PBXNativeTarget "Day CounterTests" */ = {
			isa = XCConfigurationList;
			buildConfigurations = (
				D2111E312066B1DA00C8B11C /* Debug */,
				D2111E322066B1DA00C8B11C /* Release */,
			);
			defaultConfigurationIsVisible = 0;
			defaultConfigurationName = Release;
		};
		D2111E332066B1DA00C8B11C /* Build configuration list for PBXNativeTarget "Day CounterUITests" */ = {
			isa = XCConfigurationList;
			buildConfigurations = (
				D2111E342066B1DA00C8B11C /* Debug */,
				D2111E352066B1DA00C8B11C /* Release */,
			);
			defaultConfigurationIsVisible = 0;
			defaultConfigurationName = Release;
		};
/* End XCConfigurationList section */
	};
	rootObject = D2111DF92066B1DA00C8B11C /* Project object */;
}
